
Microsoft Visual Studio Solution File, Format Version 12.00
# Visual Studio Version 16
VisualStudioVersion = 16.0.30717.126
MinimumVisualStudioVersion = 10.0.40219.1
Project("{FAE04EC0-301F-11D3-BF4B-00C04F79EFBC}") = "SodigCiudadano", "SodigCiudadano\SodigCiudadano.csproj", "{91A20BFA-2718-4E76-9A60-9A6044CB7F24}"
EndProject
Global
	GlobalSection(SolutionConfigurationPlatforms) = preSolution
		Debug|Any CPU = Debug|Any CPU
		Release|Any CPU = Release|Any CPU
	EndGlobalSection
	GlobalSection(ProjectConfigurationPlatforms) = postSolution
		{91A20BFA-2718-4E76-9A60-9A6044CB7F24}.Debug|Any CPU.ActiveCfg = Debug|Any CPU
		{91A20BFA-2718-4E76-9A60-9A6044CB7F24}.Debug|Any CPU.Build.0 = Debug|Any CPU
		{91A20BFA-2718-4E76-9A60-9A6044CB7F24}.Release|Any CPU.ActiveCfg = Release|Any CPU
		{91A20BFA-2718-4E76-9A60-9A6044CB7F24}.Release|Any CPU.Build.0 = Release|Any CPU
	EndGlobalSection
	GlobalSection(SolutionProperties) = preSolution
		HideSolutionNode = FALSE
	EndGlobalSection
	GlobalSection(ExtensibilityGlobals) = postSolution
		SolutionGuid = {A93365AE-9DA2-4320-8B7A-2490EF651533}
	EndGlobalSection
EndGlobal
